{
  "requires": true,
  "lockfileVersion": 1,
  "dependencies": {
    "jquery": {
      "version": "3.3.1",
      "resolved": "https://registry.npmjs.org/jquery/-/jquery-3.3.1.tgz",
      "integrity": "sha512-Ubldcmxp5np52/ENotGxlLe6aGMvmF4R8S6tZjsP6Knsaxd/xp3Zrh50cG93lR6nPXyUFwzN3ZSOQI0wRJNdGg=="
    },
    "superfish": {
      "version": "1.7.9",
      "resolved": "https://registry.npmjs.org/superfish/-/superfish-1.7.9.tgz",
      "integrity": "sha1-0TAYLRoLaMmK64gJfXmOPRRSTU0=",
      "requires": {
        "jquery": "3.3.1"
      }
    }
  }
}
